
Microsoft Visual Studio Solution File, Format Version 12.00
# Visual Studio Version 17
VisualStudioVersion = 17.1.32328.378
MinimumVisualStudioVersion = 10.0.40219.1
Project("{FAE04EC0-301F-11D3-BF4B-00C04F79EFBC}") = "EmpleadosDapper", "EmpleadosDapper.csproj", "{B4FE7372-7E0B-4DE9-91B5-E699C4FA4024}"
EndProject
Global
	GlobalSection(SolutionConfigurationPlatforms) = preSolution
		Debug|Any CPU = Debug|Any CPU
		Release|Any CPU = Release|Any CPU
	EndGlobalSection
	GlobalSection(ProjectConfigurationPlatforms) = postSolution
		{B4FE7372-7E0B-4DE9-91B5-E699C4FA4024}.Debug|Any CPU.ActiveCfg = Debug|Any CPU
		{B4FE7372-7E0B-4DE9-91B5-E699C4FA4024}.Debug|Any CPU.Build.0 = Debug|Any CPU
		{B4FE7372-7E0B-4DE9-91B5-E699C4FA4024}.Release|Any CPU.ActiveCfg = Release|Any CPU
		{B4FE7372-7E0B-4DE9-91B5-E699C4FA4024}.Release|Any CPU.Build.0 = Release|Any CPU
	EndGlobalSection
	GlobalSection(SolutionProperties) = preSolution
		HideSolutionNode = FALSE
	EndGlobalSection
	GlobalSection(ExtensibilityGlobals) = postSolution
		SolutionGuid = {798B381C-8881-4A7A-8415-E2C7708B1A40}
	EndGlobalSection
EndGlobal
